
Microsoft Visual Studio Solution File, Format Version 12.00
# Visual Studio Version 16
VisualStudioVersion = 16.0.30225.117
MinimumVisualStudioVersion = 10.0.40219.1
Project("{FAE04EC0-301F-11D3-BF4B-00C04F79EFBC}") = "automod-generator", "automod-generator\automod-generator.csproj", "{92B2091B-16D8-4118-9003-FE46DE94A2E9}"
EndProject
Global
	GlobalSection(SolutionConfigurationPlatforms) = preSolution
		Debug|Any CPU = Debug|Any CPU
		Release|Any CPU = Release|Any CPU
	EndGlobalSection
	GlobalSection(ProjectConfigurationPlatforms) = postSolution
		{92B2091B-16D8-4118-9003-FE46DE94A2E9}.Debug|Any CPU.ActiveCfg = Debug|Any CPU
		{92B2091B-16D8-4118-9003-FE46DE94A2E9}.Debug|Any CPU.Build.0 = Debug|Any CPU
		{92B2091B-16D8-4118-9003-FE46DE94A2E9}.Release|Any CPU.ActiveCfg = Release|Any CPU
		{92B2091B-16D8-4118-9003-FE46DE94A2E9}.Release|Any CPU.Build.0 = Release|Any CPU
	EndGlobalSection
	GlobalSection(SolutionProperties) = preSolution
		HideSolutionNode = FALSE
	EndGlobalSection
	GlobalSection(ExtensibilityGlobals) = postSolution
		SolutionGuid = {2A8AD82C-8E7B-4C57-BE02-CA0608215660}
	EndGlobalSection
EndGlobal
